
Microsoft Visual Studio Solution File, Format Version 12.00
# Visual Studio Version 16
VisualStudioVersion = 16.0.29519.87
MinimumVisualStudioVersion = 10.0.40219.1
Project("{9A19103F-16F7-4668-BE54-9A1E7A4F7556}") = "Storm.NET", "Storm.NET\Storm.NET.csproj", "{DE9393FE-89DC-405D-9071-63E20919FB73}"
EndProject
Project("{9A19103F-16F7-4668-BE54-9A1E7A4F7556}") = "Storm.NET.Tests", "Storm.NET.Tests\Storm.NET.Tests.csproj", "{34258DB1-9F9C-45DD-B258-3D079AEB1438}"
EndProject
Project("{2150E333-8FDC-42A3-9474-1A3956D46DE8}") = "Solution Items", "Solution Items", "{A6D1A4B5-4D40-4DB1-A670-F0967451AFE5}"
	ProjectSection(SolutionItems) = preProject
		LICENSE = LICENSE
		README.md = README.md
	EndProjectSection
EndProject
Project("{FAE04EC0-301F-11D3-BF4B-00C04F79EFBC}") = "Storm.NET.Demo", "Storm.NET.Demo\Storm.NET.Demo.csproj", "{835F0F9B-221D-4903-B324-CA40FA1EFE86}"
EndProject
Global
	GlobalSection(SolutionConfigurationPlatforms) = preSolution
		Debug|Any CPU = Debug|Any CPU
		Release|Any CPU = Release|Any CPU
	EndGlobalSection
	GlobalSection(ProjectConfigurationPlatforms) = postSolution
		{DE9393FE-89DC-405D-9071-63E20919FB73}.Debug|Any CPU.ActiveCfg = Debug|Any CPU
		{DE9393FE-89DC-405D-9071-63E20919FB73}.Debug|Any CPU.Build.0 = Debug|Any CPU
		{DE9393FE-89DC-405D-9071-63E20919FB73}.Release|Any CPU.ActiveCfg = Release|Any CPU
		{DE9393FE-89DC-405D-9071-63E20919FB73}.Release|Any CPU.Build.0 = Release|Any CPU
		{34258DB1-9F9C-45DD-B258-3D079AEB1438}.Debug|Any CPU.ActiveCfg = Debug|Any CPU
		{34258DB1-9F9C-45DD-B258-3D079AEB1438}.Debug|Any CPU.Build.0 = Debug|Any CPU
		{34258DB1-9F9C-45DD-B258-3D079AEB1438}.Release|Any CPU.ActiveCfg = Release|Any CPU
		{34258DB1-9F9C-45DD-B258-3D079AEB1438}.Release|Any CPU.Build.0 = Release|Any CPU
		{835F0F9B-221D-4903-B324-CA40FA1EFE86}.Debug|Any CPU.ActiveCfg = Debug|Any CPU
		{835F0F9B-221D-4903-B324-CA40FA1EFE86}.Debug|Any CPU.Build.0 = Debug|Any CPU
		{835F0F9B-221D-4903-B324-CA40FA1EFE86}.Release|Any CPU.ActiveCfg = Release|Any CPU
		{835F0F9B-221D-4903-B324-CA40FA1EFE86}.Release|Any CPU.Build.0 = Release|Any CPU
	EndGlobalSection
	GlobalSection(SolutionProperties) = preSolution
		HideSolutionNode = FALSE
	EndGlobalSection
	GlobalSection(ExtensibilityGlobals) = postSolution
		SolutionGuid = {59DB95D3-92CF-4AD0-AF43-37B18679DD3F}
	EndGlobalSection
EndGlobal
